
Microsoft Visual Studio Solution File, Format Version 12.00
# Visual Studio Version 16
VisualStudioVersion = 16.0.33423.256
MinimumVisualStudioVersion = 10.0.40219.1
Project("{FAE04EC0-301F-11D3-BF4B-00C04F79EFBC}") = "DDOMonitor", "DDOMonitor\DDOMonitor.csproj", "{7DB0F045-E4FD-4F7A-A0BB-D82D2B060930}"
EndProject
Global
	GlobalSection(SolutionConfigurationPlatforms) = preSolution
		Debug|Any CPU = Debug|Any CPU
		Debug|ARM = Debug|ARM
		Debug|ARM64 = Debug|ARM64
		Debug|x64 = Debug|x64
		Debug|x86 = Debug|x86
		Release|Any CPU = Release|Any CPU
		Release|ARM = Release|ARM
		Release|ARM64 = Release|ARM64
		Release|x64 = Release|x64
		Release|x86 = Release|x86
	EndGlobalSection
	GlobalSection(ProjectConfigurationPlatforms) = postSolution
		{7DB0F045-E4FD-4F7A-A0BB-D82D2B060930}.Debug|Any CPU.ActiveCfg = Debug|Any CPU
		{7DB0F045-E4FD-4F7A-A0BB-D82D2B060930}.Debug|Any CPU.Build.0 = Debug|Any CPU
		{7DB0F045-E4FD-4F7A-A0BB-D82D2B060930}.Debug|ARM.ActiveCfg = Debug|Any CPU
		{7DB0F045-E4FD-4F7A-A0BB-D82D2B060930}.Debug|ARM.Build.0 = Debug|Any CPU
		{7DB0F045-E4FD-4F7A-A0BB-D82D2B060930}.Debug|ARM64.ActiveCfg = Debug|Any CPU
		{7DB0F045-E4FD-4F7A-A0BB-D82D2B060930}.Debug|ARM64.Build.0 = Debug|Any CPU
		{7DB0F045-E4FD-4F7A-A0BB-D82D2B060930}.Debug|x64.ActiveCfg = Debug|Any CPU
		{7DB0F045-E4FD-4F7A-A0BB-D82D2B060930}.Debug|x64.Build.0 = Debug|Any CPU
		{7DB0F045-E4FD-4F7A-A0BB-D82D2B060930}.Debug|x86.ActiveCfg = Debug|Any CPU
		{7DB0F045-E4FD-4F7A-A0BB-D82D2B060930}.Debug|x86.Build.0 = Debug|Any CPU
		{7DB0F045-E4FD-4F7A-A0BB-D82D2B060930}.Release|Any CPU.ActiveCfg = Release|Any CPU
		{7DB0F045-E4FD-4F7A-A0BB-D82D2B060930}.Release|Any CPU.Build.0 = Release|Any CPU
		{7DB0F045-E4FD-4F7A-A0BB-D82D2B060930}.Release|ARM.ActiveCfg = Release|Any CPU
		{7DB0F045-E4FD-4F7A-A0BB-D82D2B060930}.Release|ARM.Build.0 = Release|Any CPU
		{7DB0F045-E4FD-4F7A-A0BB-D82D2B060930}.Release|ARM64.ActiveCfg = Release|Any CPU
		{7DB0F045-E4FD-4F7A-A0BB-D82D2B060930}.Release|ARM64.Build.0 = Release|Any CPU
		{7DB0F045-E4FD-4F7A-A0BB-D82D2B060930}.Release|x64.ActiveCfg = Release|Any CPU
		{7DB0F045-E4FD-4F7A-A0BB-D82D2B060930}.Release|x64.Build.0 = Release|Any CPU
		{7DB0F045-E4FD-4F7A-A0BB-D82D2B060930}.Release|x86.ActiveCfg = Release|Any CPU
		{7DB0F045-E4FD-4F7A-A0BB-D82D2B060930}.Release|x86.Build.0 = Release|Any CPU
	EndGlobalSection
	GlobalSection(SolutionProperties) = preSolution
		HideSolutionNode = FALSE
	EndGlobalSection
	GlobalSection(ExtensibilityGlobals) = postSolution
		SolutionGuid = {126525C4-B6F7-4F81-858D-21D7CC758DCE}
	EndGlobalSection
EndGlobal
